<?xml version="1.0" encoding="UTF-8"?>
<CodeBlocks_project_file>
	<FileVersion major="1" minor="6"/>
	<Project>
		<Option title="GameEngine"/>
		<Option makefile_is_custom="1"/>
		<Option compiler="gcc"/>
		<Option virtualFolders="CMake Files\;"/>
		<Build>
			<Target title="all">
				<Option working_dir="/home/thaddeus/Documents/Programming/C++/GameEngine"/>
				<Option type="4"/>
				<MakeCommands>
					<Build command="/usr/bin/make -f &quot;/home/thaddeus/Documents/Programming/C++/GameEngine/Makefile&quot;  VERBOSE=1 all"/>
					<CompileFile command="/usr/bin/make -f &quot;/home/thaddeus/Documents/Programming/C++/GameEngine/Makefile&quot;  VERBOSE=1 &quot;$file&quot;"/>
					<Clean command="/usr/bin/make -f &quot;/home/thaddeus/Documents/Programming/C++/GameEngine/Makefile&quot;  VERBOSE=1 clean"/>
					<DistClean command="/usr/bin/make -f &quot;/home/thaddeus/Documents/Programming/C++/GameEngine/Makefile&quot;  VERBOSE=1 clean"/>
				</MakeCommands>
			</Target>
			<Target title="rebuild_cache">
				<Option working_dir="/home/thaddeus/Documents/Programming/C++/GameEngine"/>
				<Option type="4"/>
				<MakeCommands>
					<Build command="/usr/bin/make -f &quot;/home/thaddeus/Documents/Programming/C++/GameEngine/Makefile&quot;  VERBOSE=1 rebuild_cache"/>
					<CompileFile command="/usr/bin/make -f &quot;/home/thaddeus/Documents/Programming/C++/GameEngine/Makefile&quot;  VERBOSE=1 &quot;$file&quot;"/>
					<Clean command="/usr/bin/make -f &quot;/home/thaddeus/Documents/Programming/C++/GameEngine/Makefile&quot;  VERBOSE=1 clean"/>
					<DistClean command="/usr/bin/make -f &quot;/home/thaddeus/Documents/Programming/C++/GameEngine/Makefile&quot;  VERBOSE=1 clean"/>
				</MakeCommands>
			</Target>
			<Target title="edit_cache">
				<Option working_dir="/home/thaddeus/Documents/Programming/C++/GameEngine"/>
				<Option type="4"/>
				<MakeCommands>
					<Build command="/usr/bin/make -f &quot;/home/thaddeus/Documents/Programming/C++/GameEngine/Makefile&quot;  VERBOSE=1 edit_cache"/>
					<CompileFile command="/usr/bin/make -f &quot;/home/thaddeus/Documents/Programming/C++/GameEngine/Makefile&quot;  VERBOSE=1 &quot;$file&quot;"/>
					<Clean command="/usr/bin/make -f &quot;/home/thaddeus/Documents/Programming/C++/GameEngine/Makefile&quot;  VERBOSE=1 clean"/>
					<DistClean command="/usr/bin/make -f &quot;/home/thaddeus/Documents/Programming/C++/GameEngine/Makefile&quot;  VERBOSE=1 clean"/>
				</MakeCommands>
			</Target>
			<Target title="VulkanTutorial">
				<Option output="/home/thaddeus/Documents/Programming/C++/GameEngine/VulkanTutorial" prefix_auto="0" extension_auto="0"/>
				<Option working_dir="/home/thaddeus/Documents/Programming/C++/GameEngine"/>
				<Option object_output="./"/>
				<Option type="1"/>
				<Option compiler="gcc"/>
				<Compiler>
					<Add directory="/home/thaddeus/Documents/Programming/C++/GameEngine"/>
				</Compiler>
				<MakeCommands>
					<Build command="/usr/bin/make -f &quot;/home/thaddeus/Documents/Programming/C++/GameEngine/Makefile&quot;  VERBOSE=1 VulkanTutorial"/>
					<CompileFile command="/usr/bin/make -f &quot;/home/thaddeus/Documents/Programming/C++/GameEngine/Makefile&quot;  VERBOSE=1 &quot;$file&quot;"/>
					<Clean command="/usr/bin/make -f &quot;/home/thaddeus/Documents/Programming/C++/GameEngine/Makefile&quot;  VERBOSE=1 clean"/>
					<DistClean command="/usr/bin/make -f &quot;/home/thaddeus/Documents/Programming/C++/GameEngine/Makefile&quot;  VERBOSE=1 clean"/>
				</MakeCommands>
			</Target>
			<Target title="VulkanTutorial/fast">
				<Option output="/home/thaddeus/Documents/Programming/C++/GameEngine/VulkanTutorial" prefix_auto="0" extension_auto="0"/>
				<Option working_dir="/home/thaddeus/Documents/Programming/C++/GameEngine"/>
				<Option object_output="./"/>
				<Option type="1"/>
				<Option compiler="gcc"/>
				<Compiler>
					<Add directory="/home/thaddeus/Documents/Programming/C++/GameEngine"/>
				</Compiler>
				<MakeCommands>
					<Build command="/usr/bin/make -f &quot;/home/thaddeus/Documents/Programming/C++/GameEngine/Makefile&quot;  VERBOSE=1 VulkanTutorial/fast"/>
					<CompileFile command="/usr/bin/make -f &quot;/home/thaddeus/Documents/Programming/C++/GameEngine/Makefile&quot;  VERBOSE=1 &quot;$file&quot;"/>
					<Clean command="/usr/bin/make -f &quot;/home/thaddeus/Documents/Programming/C++/GameEngine/Makefile&quot;  VERBOSE=1 clean"/>
					<DistClean command="/usr/bin/make -f &quot;/home/thaddeus/Documents/Programming/C++/GameEngine/Makefile&quot;  VERBOSE=1 clean"/>
				</MakeCommands>
			</Target>
		</Build>
		<Unit filename="/home/thaddeus/Documents/Programming/C++/GameEngine/Renderer.cpp">
			<Option target="VulkanTutorial"/>
		</Unit>
		<Unit filename="/home/thaddeus/Documents/Programming/C++/GameEngine/CMakeLists.txt">
			<Option virtualFolder="CMake Files\"/>
		</Unit>
	</Project>
</CodeBlocks_project_file>
