<?xml version="1.0" encoding="UTF-8"?>
<CodeBlocks_project_file>
	<FileVersion major="1" minor="6"/>
	<Project>
		<Option title="GLFW"/>
		<Option makefile_is_custom="1"/>
		<Option compiler="gcc"/>
		<Option virtualFolders="CMake Files\;CMake Files\Sources\;CMake Files\Sources\glfw\;CMake Files\Sources\glfw\CMake\;CMake Files\Sources\glfw\src\;CMake Files\..\;CMake Files\..\..\;CMake Files\..\..\..\;CMake Files\..\..\..\..\;CMake Files\..\..\..\..\..\;CMake Files\..\..\..\..\..\..\;CMake Files\..\..\..\..\..\..\opt\;CMake Files\..\..\..\..\..\..\opt\arrayfire\;CMake Files\..\..\..\..\..\..\opt\arrayfire\share\;CMake Files\..\..\..\..\..\..\opt\arrayfire\share\ArrayFire\;CMake Files\..\..\..\..\..\..\opt\arrayfire\share\ArrayFire\cmake\;"/>
		<Build>
			<Target title="all">
				<Option working_dir="/home/thaddeus/Documents/Programming/C++/GameEngine/Sources/glfw"/>
				<Option type="4"/>
				<MakeCommands>
					<Build command="/usr/bin/make -f &quot;/home/thaddeus/Documents/Programming/C++/GameEngine/Sources/glfw/Makefile&quot;  VERBOSE=1 all"/>
					<CompileFile command="/usr/bin/make -f &quot;/home/thaddeus/Documents/Programming/C++/GameEngine/Sources/glfw/Makefile&quot;  VERBOSE=1 &quot;$file&quot;"/>
					<Clean command="/usr/bin/make -f &quot;/home/thaddeus/Documents/Programming/C++/GameEngine/Sources/glfw/Makefile&quot;  VERBOSE=1 clean"/>
					<DistClean command="/usr/bin/make -f &quot;/home/thaddeus/Documents/Programming/C++/GameEngine/Sources/glfw/Makefile&quot;  VERBOSE=1 clean"/>
				</MakeCommands>
			</Target>
			<Target title="uninstall">
				<Option working_dir="/home/thaddeus/Documents/Programming/C++/GameEngine/Sources/glfw"/>
				<Option type="4"/>
				<MakeCommands>
					<Build command="/usr/bin/make -f &quot;/home/thaddeus/Documents/Programming/C++/GameEngine/Sources/glfw/Makefile&quot;  VERBOSE=1 uninstall"/>
					<CompileFile command="/usr/bin/make -f &quot;/home/thaddeus/Documents/Programming/C++/GameEngine/Sources/glfw/Makefile&quot;  VERBOSE=1 &quot;$file&quot;"/>
					<Clean command="/usr/bin/make -f &quot;/home/thaddeus/Documents/Programming/C++/GameEngine/Sources/glfw/Makefile&quot;  VERBOSE=1 clean"/>
					<DistClean command="/usr/bin/make -f &quot;/home/thaddeus/Documents/Programming/C++/GameEngine/Sources/glfw/Makefile&quot;  VERBOSE=1 clean"/>
				</MakeCommands>
			</Target>
			<Target title="glfw">
				<Option output="/home/thaddeus/Documents/Programming/C++/GameEngine/Sources/glfw/src/libglfw3.a" prefix_auto="0" extension_auto="0"/>
				<Option working_dir="/home/thaddeus/Documents/Programming/C++/GameEngine/Sources/glfw/src"/>
				<Option object_output="./"/>
				<Option type="2"/>
				<Option compiler="gcc"/>
				<Compiler>
					<Add option="-D_GLFW_USE_CONFIG_H"/>
					<Add directory="/home/thaddeus/Documents/Programming/C++/GameEngine/Sources/glfw/include"/>
					<Add directory="/home/thaddeus/Documents/Programming/C++/GameEngine/Sources/glfw/src"/>
				</Compiler>
				<MakeCommands>
					<Build command="/usr/bin/make -f &quot;/home/thaddeus/Documents/Programming/C++/GameEngine/Sources/glfw/src/Makefile&quot;  VERBOSE=1 glfw"/>
					<CompileFile command="/usr/bin/make -f &quot;/home/thaddeus/Documents/Programming/C++/GameEngine/Sources/glfw/src/Makefile&quot;  VERBOSE=1 &quot;$file&quot;"/>
					<Clean command="/usr/bin/make -f &quot;/home/thaddeus/Documents/Programming/C++/GameEngine/Sources/glfw/src/Makefile&quot;  VERBOSE=1 clean"/>
					<DistClean command="/usr/bin/make -f &quot;/home/thaddeus/Documents/Programming/C++/GameEngine/Sources/glfw/src/Makefile&quot;  VERBOSE=1 clean"/>
				</MakeCommands>
			</Target>
			<Target title="glfw/fast">
				<Option output="/home/thaddeus/Documents/Programming/C++/GameEngine/Sources/glfw/src/libglfw3.a" prefix_auto="0" extension_auto="0"/>
				<Option working_dir="/home/thaddeus/Documents/Programming/C++/GameEngine/Sources/glfw/src"/>
				<Option object_output="./"/>
				<Option type="2"/>
				<Option compiler="gcc"/>
				<Compiler>
					<Add option="-D_GLFW_USE_CONFIG_H"/>
					<Add directory="/home/thaddeus/Documents/Programming/C++/GameEngine/Sources/glfw/include"/>
					<Add directory="/home/thaddeus/Documents/Programming/C++/GameEngine/Sources/glfw/src"/>
				</Compiler>
				<MakeCommands>
					<Build command="/usr/bin/make -f &quot;/home/thaddeus/Documents/Programming/C++/GameEngine/Sources/glfw/src/Makefile&quot;  VERBOSE=1 glfw/fast"/>
					<CompileFile command="/usr/bin/make -f &quot;/home/thaddeus/Documents/Programming/C++/GameEngine/Sources/glfw/src/Makefile&quot;  VERBOSE=1 &quot;$file&quot;"/>
					<Clean command="/usr/bin/make -f &quot;/home/thaddeus/Documents/Programming/C++/GameEngine/Sources/glfw/src/Makefile&quot;  VERBOSE=1 clean"/>
					<DistClean command="/usr/bin/make -f &quot;/home/thaddeus/Documents/Programming/C++/GameEngine/Sources/glfw/src/Makefile&quot;  VERBOSE=1 clean"/>
				</MakeCommands>
			</Target>
		</Build>
		<Unit filename="/home/thaddeus/Documents/Programming/C++/GameEngine/Sources/glfw/include/GLFW/glfw3.h">
			<Option target="glfw"/>
		</Unit>
		<Unit filename="/home/thaddeus/Documents/Programming/C++/GameEngine/Sources/glfw/include/GLFW/glfw3native.h">
			<Option target="glfw"/>
		</Unit>
		<Unit filename="/home/thaddeus/Documents/Programming/C++/GameEngine/Sources/glfw/src/context.c">
			<Option target="glfw"/>
		</Unit>
		<Unit filename="/home/thaddeus/Documents/Programming/C++/GameEngine/Sources/glfw/src/egl_context.c">
			<Option target="glfw"/>
		</Unit>
		<Unit filename="/home/thaddeus/Documents/Programming/C++/GameEngine/Sources/glfw/src/egl_context.h">
			<Option target="glfw"/>
		</Unit>
		<Unit filename="/home/thaddeus/Documents/Programming/C++/GameEngine/Sources/glfw/src/glfw_config.h">
			<Option target="glfw"/>
		</Unit>
		<Unit filename="/home/thaddeus/Documents/Programming/C++/GameEngine/Sources/glfw/src/glx_context.c">
			<Option target="glfw"/>
		</Unit>
		<Unit filename="/home/thaddeus/Documents/Programming/C++/GameEngine/Sources/glfw/src/glx_context.h">
			<Option target="glfw"/>
		</Unit>
		<Unit filename="/home/thaddeus/Documents/Programming/C++/GameEngine/Sources/glfw/src/init.c">
			<Option target="glfw"/>
		</Unit>
		<Unit filename="/home/thaddeus/Documents/Programming/C++/GameEngine/Sources/glfw/src/input.c">
			<Option target="glfw"/>
		</Unit>
		<Unit filename="/home/thaddeus/Documents/Programming/C++/GameEngine/Sources/glfw/src/internal.h">
			<Option target="glfw"/>
		</Unit>
		<Unit filename="/home/thaddeus/Documents/Programming/C++/GameEngine/Sources/glfw/src/linux_joystick.c">
			<Option target="glfw"/>
		</Unit>
		<Unit filename="/home/thaddeus/Documents/Programming/C++/GameEngine/Sources/glfw/src/linux_joystick.h">
			<Option target="glfw"/>
		</Unit>
		<Unit filename="/home/thaddeus/Documents/Programming/C++/GameEngine/Sources/glfw/src/mappings.h">
			<Option target="glfw"/>
		</Unit>
		<Unit filename="/home/thaddeus/Documents/Programming/C++/GameEngine/Sources/glfw/src/monitor.c">
			<Option target="glfw"/>
		</Unit>
		<Unit filename="/home/thaddeus/Documents/Programming/C++/GameEngine/Sources/glfw/src/osmesa_context.c">
			<Option target="glfw"/>
		</Unit>
		<Unit filename="/home/thaddeus/Documents/Programming/C++/GameEngine/Sources/glfw/src/osmesa_context.h">
			<Option target="glfw"/>
		</Unit>
		<Unit filename="/home/thaddeus/Documents/Programming/C++/GameEngine/Sources/glfw/src/posix_thread.c">
			<Option target="glfw"/>
		</Unit>
		<Unit filename="/home/thaddeus/Documents/Programming/C++/GameEngine/Sources/glfw/src/posix_thread.h">
			<Option target="glfw"/>
		</Unit>
		<Unit filename="/home/thaddeus/Documents/Programming/C++/GameEngine/Sources/glfw/src/posix_time.c">
			<Option target="glfw"/>
		</Unit>
		<Unit filename="/home/thaddeus/Documents/Programming/C++/GameEngine/Sources/glfw/src/posix_time.h">
			<Option target="glfw"/>
		</Unit>
		<Unit filename="/home/thaddeus/Documents/Programming/C++/GameEngine/Sources/glfw/src/vulkan.c">
			<Option target="glfw"/>
		</Unit>
		<Unit filename="/home/thaddeus/Documents/Programming/C++/GameEngine/Sources/glfw/src/window.c">
			<Option target="glfw"/>
		</Unit>
		<Unit filename="/home/thaddeus/Documents/Programming/C++/GameEngine/Sources/glfw/src/x11_init.c">
			<Option target="glfw"/>
		</Unit>
		<Unit filename="/home/thaddeus/Documents/Programming/C++/GameEngine/Sources/glfw/src/x11_monitor.c">
			<Option target="glfw"/>
		</Unit>
		<Unit filename="/home/thaddeus/Documents/Programming/C++/GameEngine/Sources/glfw/src/x11_platform.h">
			<Option target="glfw"/>
		</Unit>
		<Unit filename="/home/thaddeus/Documents/Programming/C++/GameEngine/Sources/glfw/src/x11_window.c">
			<Option target="glfw"/>
		</Unit>
		<Unit filename="/home/thaddeus/Documents/Programming/C++/GameEngine/Sources/glfw/src/xkb_unicode.c">
			<Option target="glfw"/>
		</Unit>
		<Unit filename="/home/thaddeus/Documents/Programming/C++/GameEngine/Sources/glfw/src/xkb_unicode.h">
			<Option target="glfw"/>
		</Unit>
		<Unit filename="/home/thaddeus/Documents/Programming/C++/GameEngine/CMakeLists.txt">
			<Option virtualFolder="CMake Files\"/>
		</Unit>
		<Unit filename="/home/thaddeus/Documents/Programming/C++/GameEngine/Sources/glfw/CMakeLists.txt">
			<Option virtualFolder="CMake Files\Sources\glfw\"/>
		</Unit>
		<Unit filename="/home/thaddeus/Documents/Programming/C++/GameEngine/Sources/glfw/CMake/cmake_uninstall.cmake.in">
			<Option virtualFolder="CMake Files\Sources\glfw\CMake\"/>
		</Unit>
		<Unit filename="/home/thaddeus/Documents/Programming/C++/GameEngine/Sources/glfw/CMake/glfw3.pc.in">
			<Option virtualFolder="CMake Files\Sources\glfw\CMake\"/>
		</Unit>
		<Unit filename="/home/thaddeus/Documents/Programming/C++/GameEngine/Sources/glfw/CMake/glfw3Config.cmake.in">
			<Option virtualFolder="CMake Files\Sources\glfw\CMake\"/>
		</Unit>
		<Unit filename="/home/thaddeus/Documents/Programming/C++/GameEngine/Sources/glfw/src/CMakeLists.txt">
			<Option virtualFolder="CMake Files\Sources\glfw\src\"/>
		</Unit>
		<Unit filename="/home/thaddeus/Documents/Programming/C++/GameEngine/Sources/glfw/src/glfw_config.h.in">
			<Option virtualFolder="CMake Files\Sources\glfw\src\"/>
		</Unit>
		<Unit filename="/home/thaddeus/Documents/Programming/C++/GameEngine/../../../../../../opt/arrayfire/share/ArrayFire/cmake/ArrayFireCPUTargets-relwithdebinfo.cmake">
			<Option virtualFolder="CMake Files\..\..\..\..\..\..\opt\arrayfire\share\ArrayFire\cmake\"/>
		</Unit>
		<Unit filename="/home/thaddeus/Documents/Programming/C++/GameEngine/../../../../../../opt/arrayfire/share/ArrayFire/cmake/ArrayFireCPUTargets.cmake">
			<Option virtualFolder="CMake Files\..\..\..\..\..\..\opt\arrayfire\share\ArrayFire\cmake\"/>
		</Unit>
		<Unit filename="/home/thaddeus/Documents/Programming/C++/GameEngine/../../../../../../opt/arrayfire/share/ArrayFire/cmake/ArrayFireCUDATargets-relwithdebinfo.cmake">
			<Option virtualFolder="CMake Files\..\..\..\..\..\..\opt\arrayfire\share\ArrayFire\cmake\"/>
		</Unit>
		<Unit filename="/home/thaddeus/Documents/Programming/C++/GameEngine/../../../../../../opt/arrayfire/share/ArrayFire/cmake/ArrayFireCUDATargets.cmake">
			<Option virtualFolder="CMake Files\..\..\..\..\..\..\opt\arrayfire\share\ArrayFire\cmake\"/>
		</Unit>
		<Unit filename="/home/thaddeus/Documents/Programming/C++/GameEngine/../../../../../../opt/arrayfire/share/ArrayFire/cmake/ArrayFireConfig.cmake">
			<Option virtualFolder="CMake Files\..\..\..\..\..\..\opt\arrayfire\share\ArrayFire\cmake\"/>
		</Unit>
		<Unit filename="/home/thaddeus/Documents/Programming/C++/GameEngine/../../../../../../opt/arrayfire/share/ArrayFire/cmake/ArrayFireConfigVersion.cmake">
			<Option virtualFolder="CMake Files\..\..\..\..\..\..\opt\arrayfire\share\ArrayFire\cmake\"/>
		</Unit>
		<Unit filename="/home/thaddeus/Documents/Programming/C++/GameEngine/../../../../../../opt/arrayfire/share/ArrayFire/cmake/ArrayFireOpenCLTargets-relwithdebinfo.cmake">
			<Option virtualFolder="CMake Files\..\..\..\..\..\..\opt\arrayfire\share\ArrayFire\cmake\"/>
		</Unit>
		<Unit filename="/home/thaddeus/Documents/Programming/C++/GameEngine/../../../../../../opt/arrayfire/share/ArrayFire/cmake/ArrayFireOpenCLTargets.cmake">
			<Option virtualFolder="CMake Files\..\..\..\..\..\..\opt\arrayfire\share\ArrayFire\cmake\"/>
		</Unit>
		<Unit filename="/home/thaddeus/Documents/Programming/C++/GameEngine/../../../../../../opt/arrayfire/share/ArrayFire/cmake/ArrayFireUnifiedTargets-relwithdebinfo.cmake">
			<Option virtualFolder="CMake Files\..\..\..\..\..\..\opt\arrayfire\share\ArrayFire\cmake\"/>
		</Unit>
		<Unit filename="/home/thaddeus/Documents/Programming/C++/GameEngine/../../../../../../opt/arrayfire/share/ArrayFire/cmake/ArrayFireUnifiedTargets.cmake">
			<Option virtualFolder="CMake Files\..\..\..\..\..\..\opt\arrayfire\share\ArrayFire\cmake\"/>
		</Unit>
	</Project>
</CodeBlocks_project_file>
